# This file is automatically @generated by Cargo.
# It is not intended for manual editing.
version = 4

[[package]]
name = "ikashita-cli"
version = "0.1.0"

[[package]]
name = "ikashita-csv"
version = "0.1.0"

[[package]]
name = "ikashita-resource"
version = "0.1.0"

[[package]]
name = "ikashita-server"
version = "0.1.0"

[[package]]
name = "ikashita-spec"
version = "0.1.0"
